// !$*UTF8*$!
{
	archiveVersion = 1;
	classes = {
	};
	objectVersion = 46;
	objects = {
/* Begin PBXBuildFile section */
		0207DA581B56EA530066E2B4 /* Images.xcassets in Resources */ = {isa = PBXBuildFile; fileRef = 0207DA571B56EA530066E2B4 /* Images.xcassets */; };
		1D3623260D0F684500981E51 /* AppDelegate.m in Sources */ = {isa = PBXBuildFile; fileRef = 1D3623250D0F684500981E51 /* AppDelegate.m */; };
		1D60589B0D05DD56006BFB54 /* main.m in Sources */ = {isa = PBXBuildFile; fileRef = 29B97316FDCFA39411CA2CEA /* main.m */; };
		301BF552109A68D80062928A /* libCordova.a in Frameworks */ = {isa = PBXBuildFile; fileRef = 301BF535109A57CC0062928A /* libCordova.a */; };
		302D95F114D2391D003F00A1 /* MainViewController.m in Sources */ = {isa = PBXBuildFile; fileRef = 302D95EF14D2391D003F00A1 /* MainViewController.m */; };
		302D95F214D2391D003F00A1 /* MainViewController.xib in Resources */ = {isa = PBXBuildFile; fileRef = 302D95F014D2391D003F00A1 /* MainViewController.xib */; };
		3047A5121AB8059700498E2A /* build-debug.xcconfig in Resources */ = {isa = PBXBuildFile; fileRef = 3047A50F1AB8059700498E2A /* build-debug.xcconfig */; };
		3047A5131AB8059700498E2A /* build-release.xcconfig in Resources */ = {isa = PBXBuildFile; fileRef = 3047A5101AB8059700498E2A /* build-release.xcconfig */; };
		3047A5141AB8059700498E2A /* build.xcconfig in Resources */ = {isa = PBXBuildFile; fileRef = 3047A5111AB8059700498E2A /* build.xcconfig */; };
		6AFF5BF91D6E424B00AB3073 /* CDVLaunchScreen.storyboard in Resources */ = {isa = PBXBuildFile; fileRef = 6AFF5BF81D6E424B00AB3073 /* CDVLaunchScreen.storyboard */; };
		C834B485D36C441AA5E8AE54 /* CDVClipboard.m in Sources */ = {isa = PBXBuildFile; fileRef = 24C47679C8BD4B81BD1AE13D /* CDVClipboard.m */; };
		161D8BF1A2D5450E98269EDE /* AppDelegate+APPAppEvent.m in Sources */ = {isa = PBXBuildFile; fileRef = D1734D7DFB5F4BE7AEB70423 /* AppDelegate+APPAppEvent.m */; };
		5FFA6426AFB740B0B61BBDCB /* CDVPlugin+APPAppEvent.m in Sources */ = {isa = PBXBuildFile; fileRef = 8521A21AF42B4247BABD76DF /* CDVPlugin+APPAppEvent.m */; };
		EAEF0478AE9044809D0E680F /* APPBadge.m in Sources */ = {isa = PBXBuildFile; fileRef = AC376BC9D1C34FE585B3F225 /* APPBadge.m */; };
		D6F2E4D7F4AE45B998D6056F /* UIImage+CropScaleOrientation.m in Sources */ = {isa = PBXBuildFile; fileRef = A2B28FF101674667AC6E2313 /* UIImage+CropScaleOrientation.m */; };
		F94A786E146C4839B8744BF7 /* CDVCamera.m in Sources */ = {isa = PBXBuildFile; fileRef = 6174E62BC9CD4D0BA6702920 /* CDVCamera.m */; };
		EB1DC4D96F61467EB03FE3E5 /* CDVJpegHeaderWriter.m in Sources */ = {isa = PBXBuildFile; fileRef = 33DCC96A2F53426DB746E934 /* CDVJpegHeaderWriter.m */; };
		9DF1882FEB534B408E48585A /* ImageIO.framework in Frameworks */ = {isa = PBXBuildFile; fileRef = 99E45140C18749709A3B76B0 /* ImageIO.framework */; settings = {ATTRIBUTES = (Weak, ); }; };
		9F76FA888A3D45B19E1464DF /* CoreLocation.framework in Frameworks */ = {isa = PBXBuildFile; fileRef = 30E46946AC264BADA9258CBA /* CoreLocation.framework */; };
		1224B810E5E14136A45A0F21 /* AVFoundation.framework in Frameworks */ = {isa = PBXBuildFile; fileRef = B1A9C58FDF3841B48442660F /* AVFoundation.framework */; };
		E9A3E5689E89400E80CE98D3 /* CDVDevice.m in Sources */ = {isa = PBXBuildFile; fileRef = D80B8CA257F147C39FE48444 /* CDVDevice.m */; };
		0F0B481006C34C8DBDB6D369 /* CDVFile.m in Sources */ = {isa = PBXBuildFile; fileRef = CC9C0AA7CDBA4AA68964EF1F /* CDVFile.m */; };
		5DC8C4CD91FB467DB8EBE922 /* CDVLocalFilesystem.m in Sources */ = {isa = PBXBuildFile; fileRef = 973B9F0AD2CF41C299C1D476 /* CDVLocalFilesystem.m */; };
		570B712B68B049CD8FC8E7A2 /* CDVAssetLibraryFilesystem.m in Sources */ = {isa = PBXBuildFile; fileRef = 9DB7DE08BD2140CDA58C11A2 /* CDVAssetLibraryFilesystem.m */; };
		E4CC33FFAC394B9B99603E76 /* FileOpener2.m in Sources */ = {isa = PBXBuildFile; fileRef = C12AF46C0D404428BDAC3C13 /* FileOpener2.m */; };
		5BD6A7319F1D4D7DA52B53E9 /* CDVFileTransfer.m in Sources */ = {isa = PBXBuildFile; fileRef = 65278DB20D464C7FAF70FDD9 /* CDVFileTransfer.m */; };
		1018F1DE13E84B018281C2C4 /* CDVGlobalization.m in Sources */ = {isa = PBXBuildFile; fileRef = 43199DCA171A4E1BAC237CFA /* CDVGlobalization.m */; };
		FB61A45FB68441999C49067E /* CDVInAppBrowser.m in Sources */ = {isa = PBXBuildFile; fileRef = D1B4A6D30D564DF7BDDF72CC /* CDVInAppBrowser.m */; };
		9ABD2C3EC4254C47986BBEB4 /* APPLocalNotification.m in Sources */ = {isa = PBXBuildFile; fileRef = 029B83F485684B1BB520E43C /* APPLocalNotification.m */; };
		1ECA504A7C594AA7BE616214 /* APPLocalNotificationOptions.m in Sources */ = {isa = PBXBuildFile; fileRef = 4CF95C2BCDD04B10AEA77B52 /* APPLocalNotificationOptions.m */; };
		B9B4D20F13574A91BB5CF7A0 /* UIApplication+APPLocalNotification.m in Sources */ = {isa = PBXBuildFile; fileRef = 241F1F9ED0744BC6A95E42D8 /* UIApplication+APPLocalNotification.m */; };
		4E608D970D794270978B9C15 /* UILocalNotification+APPLocalNotification.m in Sources */ = {isa = PBXBuildFile; fileRef = 6743B65EFF154B5E97198586 /* UILocalNotification+APPLocalNotification.m */; };
		F5D5AB632F9A476FBBBFC78F /* CDVCapture.m in Sources */ = {isa = PBXBuildFile; fileRef = D6B4A643DD7649ADAFB1D6CF /* CDVCapture.m */; };
		98CDCB1E695B46778EC6C072 /* CDVCapture.bundle in Resources */ = {isa = PBXBuildFile; fileRef = 484CD921F17C4395ACF5F9F0 /* CDVCapture.bundle */; };
		83B558DA179B48559B480D38 /* CDVConnection.m in Sources */ = {isa = PBXBuildFile; fileRef = B5EF399441A0434FBD8960BF /* CDVConnection.m */; };
		260C54260FB646809E201F4A /* CDVReachability.m in Sources */ = {isa = PBXBuildFile; fileRef = 4752595DE38D4B0A93854EA0 /* CDVReachability.m */; };
		D366436823CB4B658ED17B18 /* SystemConfiguration.framework in Frameworks */ = {isa = PBXBuildFile; fileRef = 6214ECD7FD174F4D87A0B63B /* SystemConfiguration.framework */; settings = {ATTRIBUTES = (Weak, ); }; };
		1310EDE98CEF40C8B46E6FA4 /* CoreTelephony.framework in Frameworks */ = {isa = PBXBuildFile; fileRef = 55D3E5D182DD45F4B493720A /* CoreTelephony.framework */; };
		4E876974DA8545F6B1F8EFAF /* CDVSplashScreen.m in Sources */ = {isa = PBXBuildFile; fileRef = 6195FE6ED1AD40C38D158FA7 /* CDVSplashScreen.m */; };
		2450E9EB36F14A5AB8712C01 /* CDVViewController+SplashScreen.m in Sources */ = {isa = PBXBuildFile; fileRef = 411FF040115642FA86AD6AD6 /* CDVViewController+SplashScreen.m */; };
		915A83DE154F43B99AD166AF /* CDVStatusBar.m in Sources */ = {isa = PBXBuildFile; fileRef = 16456095884C4FB19736E311 /* CDVStatusBar.m */; };
		8F1799247E8E4DC8841A692C /* ZipPlugin.m in Sources */ = {isa = PBXBuildFile; fileRef = 3AD20540E8774546A2A5D587 /* ZipPlugin.m */; };
		06C77D046974483396A91BD9 /* aescrypt.c in Resources */ = {isa = PBXBuildFile; fileRef = 3EE2B21CD0BE44FA9A991470 /* aescrypt.c */; };
		E273EFEDB51046999503DBF3 /* aeskey.c in Resources */ = {isa = PBXBuildFile; fileRef = 39AC8AE6830947A78E4D6DD7 /* aeskey.c */; };
		4494562E46F0404088D752FC /* aestab.c in Resources */ = {isa = PBXBuildFile; fileRef = 6DEF292086DE4A709D21B6C9 /* aestab.c */; };
		EC7F178EFF22409F80AFEE0A /* entropy.c in Resources */ = {isa = PBXBuildFile; fileRef = A1F3984870464951883D7DE3 /* entropy.c */; };
		8AC81F2F8D3D42D08AD5001C /* fileenc.c in Resources */ = {isa = PBXBuildFile; fileRef = CC8F11077BB44504A4C5BA13 /* fileenc.c */; };
		299BD5958AF540DA9F10A060 /* hmac.c in Resources */ = {isa = PBXBuildFile; fileRef = 557D73F6D4DE4D218375628E /* hmac.c */; };
		58E5730E32B94365B3A12039 /* prng.c in Resources */ = {isa = PBXBuildFile; fileRef = 33B923C8B48E42EF8A1FB53D /* prng.c */; };
		47B45C2B4F4545FEB02E83DD /* pwd2key.c in Resources */ = {isa = PBXBuildFile; fileRef = BC44F914FB3F4EB59C5981EA /* pwd2key.c */; };
		F728E5759A91438D900285F1 /* sha1.c in Resources */ = {isa = PBXBuildFile; fileRef = B6F2C385E14D423C81F9BA49 /* sha1.c */; };
		69BF3928191542609049B3FD /* SSZipArchive.m in Sources */ = {isa = PBXBuildFile; fileRef = 5E69235F6DA7489DB6F483C4 /* SSZipArchive.m */; };
		0D6ADD85E7BF4FDDA12E5D7A /* zip.c in Resources */ = {isa = PBXBuildFile; fileRef = 38E68FB93505449B94E61763 /* zip.c */; };
		1F90229115C64A0196E8167A /* unzip.c in Resources */ = {isa = PBXBuildFile; fileRef = 6FC07C767962469B9A24591D /* unzip.c */; };
		1129142A57CE4F9C9A4150E3 /* mztools.c in Resources */ = {isa = PBXBuildFile; fileRef = FDB5ACB3FB75497685CB1634 /* mztools.c */; };
		B57789472B2B4817B127EDA8 /* ioapi.c in Resources */ = {isa = PBXBuildFile; fileRef = 64B18D23E3AF478780ED3BDB /* ioapi.c */; };
		664C908B2A9B4EBC871B60FE /* libz.dylib in Frameworks */ = {isa = PBXBuildFile; fileRef = 6185CFBC14D8457CB260BC66 /* libz.dylib */; };
		69AE776D605E4C82B845B923 /* SQLitePlugin.m in Sources */ = {isa = PBXBuildFile; fileRef = 6585248267F54C868CE322EE /* SQLitePlugin.m */; };
		0243E52769DF4FA38816723C /* PSPDFThreadSafeMutableDictionary.m in Sources */ = {isa = PBXBuildFile; fileRef = ACFAFBA8943B4534AB6A8C9A /* PSPDFThreadSafeMutableDictionary.m */; settings = {COMPILER_FLAGS = "-w"; }; };
		BE7E8103E9D84D5D807448F2 /* sqlite3_regexp.c in Resources */ = {isa = PBXBuildFile; fileRef = 07FF955015CF49E78320F4F1 /* sqlite3_regexp.c */; };
		90E0B51EF08C4F12933B5FC5 /* sqlite3_base64.c in Resources */ = {isa = PBXBuildFile; fileRef = 60FE85920E5741B7948DAC1B /* sqlite3_base64.c */; };
		64F50E4399ED44E3A1D0D32E /* cencode.c in Resources */ = {isa = PBXBuildFile; fileRef = 758A93F310E04960B2B6432D /* cencode.c */; };
		A55179B3A74C42CD8B68E0D2 /* sqlite3.c in Resources */ = {isa = PBXBuildFile; fileRef = A9889884C7AE497CB0FA18A5 /* sqlite3.c */; settings = {COMPILER_FLAGS = "-w -DSQLITE_THREADSAFE=1 -DSQLITE_DEFAULT_SYNCHRONOUS=3 -DSQLITE_LOCKING_STYLE=1 -DHAVE_USLEEP=1 -DSQLITE_DEFAULT_MEMSTATUS=0 -DSQLITE_OMIT_DECLTYPE -DSQLITE_OMIT_DEPRECATED -DSQLITE_OMIT_PROGRESS_CALLBACK -DSQLITE_OMIT_SHARED_CACHE -DSQLITE_TEMP_STORE=2 -DSQLITE_OMIT_LOAD_EXTENSION -DSQLITE_ENABLE_FTS3 -DSQLITE_ENABLE_FTS3_PARENTHESIS -DSQLITE_ENABLE_FTS4 -DSQLITE_ENABLE_FTS5 -DSQLITE_ENABLE_RTREE -DSQLITE_ENABLE_JSON1 -DSQLITE_DEFAULT_PAGE_SIZE=4096 -DSQLITE_DEFAULT_CACHE_SIZE=-2000"; }; };
		D942A6753508430B8C159591 /* IonicKeyboard.m in Sources */ = {isa = PBXBuildFile; fileRef = 07D0E47FBFB346EFAA5B6CBA /* IonicKeyboard.m */; };
		0E57B02D4C4048C3945C0D89 /* BackgroundAudio.m in Sources */ = {isa = PBXBuildFile; fileRef = 26E7747189284ABE9ED8A87F /* BackgroundAudio.m */; };
		8E411436473C4B4FA6C3D83A /* AppDelegate+notification.m in Sources */ = {isa = PBXBuildFile; fileRef = 3A784A0381C344C89A18DFEC /* AppDelegate+notification.m */; };
		CDAF24A49F744AFC82CAC668 /* PushPlugin.m in Sources */ = {isa = PBXBuildFile; fileRef = D261297A0DC54647B7D6D7B1 /* PushPlugin.m */; };
		A763DFC2634A4909AA9F8BCA /* PushKit.framework in Frameworks */ = {isa = PBXBuildFile; fileRef = 90F9E66C83AF482389E35A7B /* PushKit.framework */; };
/* End PBXBuildFile section */

/* Begin PBXContainerItemProxy section */
		301BF534109A57CC0062928A /* PBXContainerItemProxy */ = {
			isa = PBXContainerItemProxy;
			containerPortal = 301BF52D109A57CC0062928A /* CordovaLib.xcodeproj */;
			proxyType = 2;
			remoteGlobalIDString = D2AAC07E0554694100DB518D;
			remoteInfo = CordovaLib;
		};
		301BF550109A68C00062928A /* PBXContainerItemProxy */ = {
			isa = PBXContainerItemProxy;
			containerPortal = 301BF52D109A57CC0062928A /* CordovaLib.xcodeproj */;
			proxyType = 1;
			remoteGlobalIDString = D2AAC07D0554694100DB518D;
			remoteInfo = CordovaLib;
		};
/* End PBXContainerItemProxy section */

/* Begin PBXFileReference section */
		0207DA571B56EA530066E2B4 /* Images.xcassets */ = {isa = PBXFileReference; lastKnownFileType = folder.assetcatalog; name = Images.xcassets; path = "Magfa ELM/Images.xcassets"; sourceTree = SOURCE_ROOT; };
		1D3623240D0F684500981E51 /* AppDelegate.h */ = {isa = PBXFileReference; fileEncoding = 4; lastKnownFileType = sourcecode.c.h; path = AppDelegate.h; sourceTree = "<group>"; };
		1D3623250D0F684500981E51 /* AppDelegate.m */ = {isa = PBXFileReference; fileEncoding = 4; lastKnownFileType = sourcecode.c.objc; path = AppDelegate.m; sourceTree = "<group>"; };
		1D6058910D05DD3D006BFB54 /* Magfa ELM.app */ = {isa = PBXFileReference; explicitFileType = wrapper.application; includeInIndex = 0; path = "Magfa ELM.app"; sourceTree = BUILT_PRODUCTS_DIR; };
		29B97316FDCFA39411CA2CEA /* main.m */ = {isa = PBXFileReference; fileEncoding = 4; lastKnownFileType = sourcecode.c.objc; path = main.m; sourceTree = "<group>"; };
		301BF52D109A57CC0062928A /* CordovaLib.xcodeproj */ = {isa = PBXFileReference; lastKnownFileType = "wrapper.pb-project"; path = CordovaLib/CordovaLib.xcodeproj; sourceTree = "<group>"; };
		301BF56E109A69640062928A /* www */ = {isa = PBXFileReference; lastKnownFileType = folder; path = www; sourceTree = SOURCE_ROOT; };
		302D95EE14D2391D003F00A1 /* MainViewController.h */ = {isa = PBXFileReference; fileEncoding = 4; lastKnownFileType = sourcecode.c.h; path = MainViewController.h; sourceTree = "<group>"; };
		302D95EF14D2391D003F00A1 /* MainViewController.m */ = {isa = PBXFileReference; fileEncoding = 4; lastKnownFileType = sourcecode.c.objc; path = MainViewController.m; sourceTree = "<group>"; };
		302D95F014D2391D003F00A1 /* MainViewController.xib */ = {isa = PBXFileReference; fileEncoding = 4; lastKnownFileType = file.xib; path = MainViewController.xib; sourceTree = "<group>"; };
		3047A50F1AB8059700498E2A /* build-debug.xcconfig */ = {isa = PBXFileReference; fileEncoding = 4; lastKnownFileType = text.xcconfig; name = "build-debug.xcconfig"; path = cordova/build-debug.xcconfig; sourceTree = SOURCE_ROOT; };
		3047A5101AB8059700498E2A /* build-release.xcconfig */ = {isa = PBXFileReference; fileEncoding = 4; lastKnownFileType = text.xcconfig; name = "build-release.xcconfig"; path = cordova/build-release.xcconfig; sourceTree = SOURCE_ROOT; };
		3047A5111AB8059700498E2A /* build.xcconfig */ = {isa = PBXFileReference; fileEncoding = 4; lastKnownFileType = text.xcconfig; name = build.xcconfig; path = cordova/build.xcconfig; sourceTree = SOURCE_ROOT; };
		32CA4F630368D1EE00C91783 /* Magfa ELM-Prefix.pch */ = {isa = PBXFileReference; fileEncoding = 4; lastKnownFileType = sourcecode.c.h; path = "Magfa ELM-Prefix.pch"; sourceTree = "<group>"; };
		6AFF5BF81D6E424B00AB3073 /* CDVLaunchScreen.storyboard */ = {isa = PBXFileReference; fileEncoding = 4; lastKnownFileType = file.storyboard; name = CDVLaunchScreen.storyboard; path = "Magfa ELM/CDVLaunchScreen.storyboard"; sourceTree = SOURCE_ROOT; };
		8D1107310486CEB800E47090 /* Magfa ELM-Info.plist */ = {isa = PBXFileReference; fileEncoding = 4; lastKnownFileType = text.plist.xml; name = "Magfa ELM-Info.plist"; path = "Magfa ELM/Magfa ELM-Info.plist"; plistStructureDefinitionIdentifier = "com.apple.xcode.plist.structure-definition.iphone.info-plist"; sourceTree = SOURCE_ROOT; };
		EB87FDF31871DA8E0020F90C /* www */ = {isa = PBXFileReference; lastKnownFileType = folder; name = www; path = ../../www; sourceTree = "<group>"; };
		EB87FDF41871DAF40020F90C /* config.xml */ = {isa = PBXFileReference; lastKnownFileType = text.xml; name = config.xml; path = ../../config.xml; sourceTree = "<group>"; };
		F840E1F0165FE0F500CFE078 /* config.xml */ = {isa = PBXFileReference; lastKnownFileType = text.xml; name = config.xml; path = "Magfa ELM/config.xml"; sourceTree = "<group>"; };
		ED33DF2A687741AEAF9F8254 /* Bridging-Header.h */ = {isa = PBXFileReference; fileEncoding = 4; lastKnownFileType = sourcecode.c.h; name = "Bridging-Header.h"; path = "Bridging-Header.h"; sourceTree = "<group>"; };
		24C47679C8BD4B81BD1AE13D /* CDVClipboard.m */ = {isa = PBXFileReference; name = "CDVClipboard.m"; path = "cordova-clipboard/CDVClipboard.m"; sourceTree = "<group>"; fileEncoding = 4; lastKnownFileType = sourcecode.c.objc; explicitFileType = undefined; includeInIndex = 0; };
		277E5675635942159F8836F4 /* CDVClipboard.h */ = {isa = PBXFileReference; name = "CDVClipboard.h"; path = "cordova-clipboard/CDVClipboard.h"; sourceTree = "<group>"; fileEncoding = 4; lastKnownFileType = sourcecode.c.h; explicitFileType = undefined; includeInIndex = 0; };
		D1734D7DFB5F4BE7AEB70423 /* AppDelegate+APPAppEvent.m */ = {isa = PBXFileReference; name = "AppDelegate+APPAppEvent.m"; path = "cordova-plugin-app-event/AppDelegate+APPAppEvent.m"; sourceTree = "<group>"; fileEncoding = 4; lastKnownFileType = sourcecode.c.objc; explicitFileType = undefined; includeInIndex = 0; };
		8521A21AF42B4247BABD76DF /* CDVPlugin+APPAppEvent.m */ = {isa = PBXFileReference; name = "CDVPlugin+APPAppEvent.m"; path = "cordova-plugin-app-event/CDVPlugin+APPAppEvent.m"; sourceTree = "<group>"; fileEncoding = 4; lastKnownFileType = sourcecode.c.objc; explicitFileType = undefined; includeInIndex = 0; };
		A19777D5773F47A5B82F4E62 /* AppDelegate+APPAppEvent.h */ = {isa = PBXFileReference; name = "AppDelegate+APPAppEvent.h"; path = "cordova-plugin-app-event/AppDelegate+APPAppEvent.h"; sourceTree = "<group>"; fileEncoding = 4; lastKnownFileType = sourcecode.c.h; explicitFileType = undefined; includeInIndex = 0; };
		227B7ED5C4F440B89A3CAE5C /* CDVPlugin+APPAppEvent.h */ = {isa = PBXFileReference; name = "CDVPlugin+APPAppEvent.h"; path = "cordova-plugin-app-event/CDVPlugin+APPAppEvent.h"; sourceTree = "<group>"; fileEncoding = 4; lastKnownFileType = sourcecode.c.h; explicitFileType = undefined; includeInIndex = 0; };
		6AA78EF27B884A699DA7F572 /* APPAppEventDelegate.h */ = {isa = PBXFileReference; name = "APPAppEventDelegate.h"; path = "cordova-plugin-app-event/APPAppEventDelegate.h"; sourceTree = "<group>"; fileEncoding = 4; lastKnownFileType = sourcecode.c.h; explicitFileType = undefined; includeInIndex = 0; };
		AC376BC9D1C34FE585B3F225 /* APPBadge.m */ = {isa = PBXFileReference; name = "APPBadge.m"; path = "cordova-plugin-badge/APPBadge.m"; sourceTree = "<group>"; fileEncoding = 4; lastKnownFileType = sourcecode.c.objc; explicitFileType = undefined; includeInIndex = 0; };
		7538577F3E734E94A8D6B1DB /* APPBadge.h */ = {isa = PBXFileReference; name = "APPBadge.h"; path = "cordova-plugin-badge/APPBadge.h"; sourceTree = "<group>"; fileEncoding = 4; lastKnownFileType = sourcecode.c.h; explicitFileType = undefined; includeInIndex = 0; };
		A2B28FF101674667AC6E2313 /* UIImage+CropScaleOrientation.m */ = {isa = PBXFileReference; name = "UIImage+CropScaleOrientation.m"; path = "cordova-plugin-camera/UIImage+CropScaleOrientation.m"; sourceTree = "<group>"; fileEncoding = 4; lastKnownFileType = sourcecode.c.objc; explicitFileType = undefined; includeInIndex = 0; };
		6174E62BC9CD4D0BA6702920 /* CDVCamera.m */ = {isa = PBXFileReference; name = "CDVCamera.m"; path = "cordova-plugin-camera/CDVCamera.m"; sourceTree = "<group>"; fileEncoding = 4; lastKnownFileType = sourcecode.c.objc; explicitFileType = undefined; includeInIndex = 0; };
		33DCC96A2F53426DB746E934 /* CDVJpegHeaderWriter.m */ = {isa = PBXFileReference; name = "CDVJpegHeaderWriter.m"; path = "cordova-plugin-camera/CDVJpegHeaderWriter.m"; sourceTree = "<group>"; fileEncoding = 4; lastKnownFileType = sourcecode.c.objc; explicitFileType = undefined; includeInIndex = 0; };
		460CC54DD00B4A6FBFC6CD6A /* UIImage+CropScaleOrientation.h */ = {isa = PBXFileReference; name = "UIImage+CropScaleOrientation.h"; path = "cordova-plugin-camera/UIImage+CropScaleOrientation.h"; sourceTree = "<group>"; fileEncoding = 4; lastKnownFileType = sourcecode.c.h; explicitFileType = undefined; includeInIndex = 0; };
		E6F5C009C7384AB6ADE748D4 /* CDVCamera.h */ = {isa = PBXFileReference; name = "CDVCamera.h"; path = "cordova-plugin-camera/CDVCamera.h"; sourceTree = "<group>"; fileEncoding = 4; lastKnownFileType = sourcecode.c.h; explicitFileType = undefined; includeInIndex = 0; };
		77A2C1540E3646BF917D507C /* CDVJpegHeaderWriter.h */ = {isa = PBXFileReference; name = "CDVJpegHeaderWriter.h"; path = "cordova-plugin-camera/CDVJpegHeaderWriter.h"; sourceTree = "<group>"; fileEncoding = 4; lastKnownFileType = sourcecode.c.h; explicitFileType = undefined; includeInIndex = 0; };
		7D266C5780874718AA8EFD48 /* CDVExif.h */ = {isa = PBXFileReference; name = "CDVExif.h"; path = "cordova-plugin-camera/CDVExif.h"; sourceTree = "<group>"; fileEncoding = 4; lastKnownFileType = sourcecode.c.h; explicitFileType = undefined; includeInIndex = 0; };
		99E45140C18749709A3B76B0 /* ImageIO.framework */ = {isa = PBXFileReference; name = "ImageIO.framework"; path = "System/Library/Frameworks/ImageIO.framework"; sourceTree = SDKROOT; fileEncoding = undefined; lastKnownFileType = wrapper.framework; explicitFileType = undefined; includeInIndex = 0; };
		30E46946AC264BADA9258CBA /* CoreLocation.framework */ = {isa = PBXFileReference; name = "CoreLocation.framework"; path = "System/Library/Frameworks/CoreLocation.framework"; sourceTree = SDKROOT; fileEncoding = undefined; lastKnownFileType = wrapper.framework; explicitFileType = undefined; includeInIndex = 0; };
		B1A9C58FDF3841B48442660F /* AVFoundation.framework */ = {isa = PBXFileReference; name = "AVFoundation.framework"; path = "System/Library/Frameworks/AVFoundation.framework"; sourceTree = SDKROOT; fileEncoding = undefined; lastKnownFileType = wrapper.framework; explicitFileType = undefined; includeInIndex = 0; };
		D80B8CA257F147C39FE48444 /* CDVDevice.m */ = {isa = PBXFileReference; name = "CDVDevice.m"; path = "cordova-plugin-device/CDVDevice.m"; sourceTree = "<group>"; fileEncoding = 4; lastKnownFileType = sourcecode.c.objc; explicitFileType = undefined; includeInIndex = 0; };
		8647BA1CBF4D49B193DDEF15 /* CDVDevice.h */ = {isa = PBXFileReference; name = "CDVDevice.h"; path = "cordova-plugin-device/CDVDevice.h"; sourceTree = "<group>"; fileEncoding = 4; lastKnownFileType = sourcecode.c.h; explicitFileType = undefined; includeInIndex = 0; };
		CC9C0AA7CDBA4AA68964EF1F /* CDVFile.m */ = {isa = PBXFileReference; name = "CDVFile.m"; path = "cordova-plugin-file/CDVFile.m"; sourceTree = "<group>"; fileEncoding = 4; lastKnownFileType = sourcecode.c.objc; explicitFileType = undefined; includeInIndex = 0; };
		973B9F0AD2CF41C299C1D476 /* CDVLocalFilesystem.m */ = {isa = PBXFileReference; name = "CDVLocalFilesystem.m"; path = "cordova-plugin-file/CDVLocalFilesystem.m"; sourceTree = "<group>"; fileEncoding = 4; lastKnownFileType = sourcecode.c.objc; explicitFileType = undefined; includeInIndex = 0; };
		9DB7DE08BD2140CDA58C11A2 /* CDVAssetLibraryFilesystem.m */ = {isa = PBXFileReference; name = "CDVAssetLibraryFilesystem.m"; path = "cordova-plugin-file/CDVAssetLibraryFilesystem.m"; sourceTree = "<group>"; fileEncoding = 4; lastKnownFileType = sourcecode.c.objc; explicitFileType = undefined; includeInIndex = 0; };
		62193C90BF8143D8B1E42327 /* CDVFile.h */ = {isa = PBXFileReference; name = "CDVFile.h"; path = "cordova-plugin-file/CDVFile.h"; sourceTree = "<group>"; fileEncoding = 4; lastKnownFileType = sourcecode.c.h; explicitFileType = undefined; includeInIndex = 0; };
		C25673B6E6834B9CA6F20ABC /* CDVLocalFilesystem.h */ = {isa = PBXFileReference; name = "CDVLocalFilesystem.h"; path = "cordova-plugin-file/CDVLocalFilesystem.h"; sourceTree = "<group>"; fileEncoding = 4; lastKnownFileType = sourcecode.c.h; explicitFileType = undefined; includeInIndex = 0; };
		C2D7D5D463174541A53F5EE6 /* CDVAssetLibraryFilesystem.h */ = {isa = PBXFileReference; name = "CDVAssetLibraryFilesystem.h"; path = "cordova-plugin-file/CDVAssetLibraryFilesystem.h"; sourceTree = "<group>"; fileEncoding = 4; lastKnownFileType = sourcecode.c.h; explicitFileType = undefined; includeInIndex = 0; };
		C12AF46C0D404428BDAC3C13 /* FileOpener2.m */ = {isa = PBXFileReference; name = "FileOpener2.m"; path = "cordova-plugin-file-opener2/FileOpener2.m"; sourceTree = "<group>"; fileEncoding = 4; lastKnownFileType = sourcecode.c.objc; explicitFileType = undefined; includeInIndex = 0; };
		14F5B3AE78774D6EAA2324DF /* FileOpener2.h */ = {isa = PBXFileReference; name = "FileOpener2.h"; path = "cordova-plugin-file-opener2/FileOpener2.h"; sourceTree = "<group>"; fileEncoding = 4; lastKnownFileType = sourcecode.c.h; explicitFileType = undefined; includeInIndex = 0; };
		65278DB20D464C7FAF70FDD9 /* CDVFileTransfer.m */ = {isa = PBXFileReference; name = "CDVFileTransfer.m"; path = "cordova-plugin-file-transfer/CDVFileTransfer.m"; sourceTree = "<group>"; fileEncoding = 4; lastKnownFileType = sourcecode.c.objc; explicitFileType = undefined; includeInIndex = 0; };
		6BBDF57ECCDC47DF8EFBA114 /* CDVFileTransfer.h */ = {isa = PBXFileReference; name = "CDVFileTransfer.h"; path = "cordova-plugin-file-transfer/CDVFileTransfer.h"; sourceTree = "<group>"; fileEncoding = 4; lastKnownFileType = sourcecode.c.h; explicitFileType = undefined; includeInIndex = 0; };
		43199DCA171A4E1BAC237CFA /* CDVGlobalization.m */ = {isa = PBXFileReference; name = "CDVGlobalization.m"; path = "cordova-plugin-globalization/CDVGlobalization.m"; sourceTree = "<group>"; fileEncoding = 4; lastKnownFileType = sourcecode.c.objc; explicitFileType = undefined; includeInIndex = 0; };
		DF8D29F951674E20B579D19E /* CDVGlobalization.h */ = {isa = PBXFileReference; name = "CDVGlobalization.h"; path = "cordova-plugin-globalization/CDVGlobalization.h"; sourceTree = "<group>"; fileEncoding = 4; lastKnownFileType = sourcecode.c.h; explicitFileType = undefined; includeInIndex = 0; };
		D1B4A6D30D564DF7BDDF72CC /* CDVInAppBrowser.m */ = {isa = PBXFileReference; name = "CDVInAppBrowser.m"; path = "cordova-plugin-inappbrowser/CDVInAppBrowser.m"; sourceTree = "<group>"; fileEncoding = 4; lastKnownFileType = sourcecode.c.objc; explicitFileType = undefined; includeInIndex = 0; };
		CBEE0800C97E416B97700BBF /* CDVInAppBrowser.h */ = {isa = PBXFileReference; name = "CDVInAppBrowser.h"; path = "cordova-plugin-inappbrowser/CDVInAppBrowser.h"; sourceTree = "<group>"; fileEncoding = 4; lastKnownFileType = sourcecode.c.h; explicitFileType = undefined; includeInIndex = 0; };
		029B83F485684B1BB520E43C /* APPLocalNotification.m */ = {isa = PBXFileReference; name = "APPLocalNotification.m"; path = "cordova-plugin-local-notifications-mm/APPLocalNotification.m"; sourceTree = "<group>"; fileEncoding = 4; lastKnownFileType = sourcecode.c.objc; explicitFileType = undefined; includeInIndex = 0; };
		4CF95C2BCDD04B10AEA77B52 /* APPLocalNotificationOptions.m */ = {isa = PBXFileReference; name = "APPLocalNotificationOptions.m"; path = "cordova-plugin-local-notifications-mm/APPLocalNotificationOptions.m"; sourceTree = "<group>"; fileEncoding = 4; lastKnownFileType = sourcecode.c.objc; explicitFileType = undefined; includeInIndex = 0; };
		241F1F9ED0744BC6A95E42D8 /* UIApplication+APPLocalNotification.m */ = {isa = PBXFileReference; name = "UIApplication+APPLocalNotification.m"; path = "cordova-plugin-local-notifications-mm/UIApplication+APPLocalNotification.m"; sourceTree = "<group>"; fileEncoding = 4; lastKnownFileType = sourcecode.c.objc; explicitFileType = undefined; includeInIndex = 0; };
		6743B65EFF154B5E97198586 /* UILocalNotification+APPLocalNotification.m */ = {isa = PBXFileReference; name = "UILocalNotification+APPLocalNotification.m"; path = "cordova-plugin-local-notifications-mm/UILocalNotification+APPLocalNotification.m"; sourceTree = "<group>"; fileEncoding = 4; lastKnownFileType = sourcecode.c.objc; explicitFileType = undefined; includeInIndex = 0; };
		4ACE069F3D794253942D8E24 /* APPLocalNotification.h */ = {isa = PBXFileReference; name = "APPLocalNotification.h"; path = "cordova-plugin-local-notifications-mm/APPLocalNotification.h"; sourceTree = "<group>"; fileEncoding = 4; lastKnownFileType = sourcecode.c.h; explicitFileType = undefined; includeInIndex = 0; };
		0A19BDC09DF04C7785D7A57F /* APPLocalNotificationOptions.h */ = {isa = PBXFileReference; name = "APPLocalNotificationOptions.h"; path = "cordova-plugin-local-notifications-mm/APPLocalNotificationOptions.h"; sourceTree = "<group>"; fileEncoding = 4; lastKnownFileType = sourcecode.c.h; explicitFileType = undefined; includeInIndex = 0; };
		6654E582DC9F4631A82A8E4E /* UIApplication+APPLocalNotification.h */ = {isa = PBXFileReference; name = "UIApplication+APPLocalNotification.h"; path = "cordova-plugin-local-notifications-mm/UIApplication+APPLocalNotification.h"; sourceTree = "<group>"; fileEncoding = 4; lastKnownFileType = sourcecode.c.h; explicitFileType = undefined; includeInIndex = 0; };
		4AB57BDF7EC54DAA957B122F /* UILocalNotification+APPLocalNotification.h */ = {isa = PBXFileReference; name = "UILocalNotification+APPLocalNotification.h"; path = "cordova-plugin-local-notifications-mm/UILocalNotification+APPLocalNotification.h"; sourceTree = "<group>"; fileEncoding = 4; lastKnownFileType = sourcecode.c.h; explicitFileType = undefined; includeInIndex = 0; };
		D6B4A643DD7649ADAFB1D6CF /* CDVCapture.m */ = {isa = PBXFileReference; name = "CDVCapture.m"; path = "cordova-plugin-media-capture/CDVCapture.m"; sourceTree = "<group>"; fileEncoding = 4; lastKnownFileType = sourcecode.c.objc; explicitFileType = undefined; includeInIndex = 0; };
		8677AF966E4B4A94BBDAE1FA /* CDVCapture.h */ = {isa = PBXFileReference; name = "CDVCapture.h"; path = "cordova-plugin-media-capture/CDVCapture.h"; sourceTree = "<group>"; fileEncoding = 4; lastKnownFileType = sourcecode.c.h; explicitFileType = undefined; includeInIndex = 0; };
		484CD921F17C4395ACF5F9F0 /* CDVCapture.bundle */ = {isa = PBXFileReference; name = "CDVCapture.bundle"; path = "CDVCapture.bundle"; sourceTree = "<group>"; fileEncoding = undefined; lastKnownFileType = wrapper.plug-in; explicitFileType = undefined; includeInIndex = 0; };
		B5EF399441A0434FBD8960BF /* CDVConnection.m */ = {isa = PBXFileReference; name = "CDVConnection.m"; path = "cordova-plugin-network-information/CDVConnection.m"; sourceTree = "<group>"; fileEncoding = 4; lastKnownFileType = sourcecode.c.objc; explicitFileType = undefined; includeInIndex = 0; };
		4752595DE38D4B0A93854EA0 /* CDVReachability.m */ = {isa = PBXFileReference; name = "CDVReachability.m"; path = "cordova-plugin-network-information/CDVReachability.m"; sourceTree = "<group>"; fileEncoding = 4; lastKnownFileType = sourcecode.c.objc; explicitFileType = undefined; includeInIndex = 0; };
		1E2EA6A9B9AA4AD29BE8D8F7 /* CDVConnection.h */ = {isa = PBXFileReference; name = "CDVConnection.h"; path = "cordova-plugin-network-information/CDVConnection.h"; sourceTree = "<group>"; fileEncoding = 4; lastKnownFileType = sourcecode.c.h; explicitFileType = undefined; includeInIndex = 0; };
		7E1E6FFDC4414AFDA77CDC96 /* CDVReachability.h */ = {isa = PBXFileReference; name = "CDVReachability.h"; path = "cordova-plugin-network-information/CDVReachability.h"; sourceTree = "<group>"; fileEncoding = 4; lastKnownFileType = sourcecode.c.h; explicitFileType = undefined; includeInIndex = 0; };
		6214ECD7FD174F4D87A0B63B /* SystemConfiguration.framework */ = {isa = PBXFileReference; name = "SystemConfiguration.framework"; path = "System/Library/Frameworks/SystemConfiguration.framework"; sourceTree = SDKROOT; fileEncoding = undefined; lastKnownFileType = wrapper.framework; explicitFileType = undefined; includeInIndex = 0; };
		55D3E5D182DD45F4B493720A /* CoreTelephony.framework */ = {isa = PBXFileReference; name = "CoreTelephony.framework"; path = "System/Library/Frameworks/CoreTelephony.framework"; sourceTree = SDKROOT; fileEncoding = undefined; lastKnownFileType = wrapper.framework; explicitFileType = undefined; includeInIndex = 0; };
		6195FE6ED1AD40C38D158FA7 /* CDVSplashScreen.m */ = {isa = PBXFileReference; name = "CDVSplashScreen.m"; path = "cordova-plugin-splashscreen/CDVSplashScreen.m"; sourceTree = "<group>"; fileEncoding = 4; lastKnownFileType = sourcecode.c.objc; explicitFileType = undefined; includeInIndex = 0; };
		411FF040115642FA86AD6AD6 /* CDVViewController+SplashScreen.m */ = {isa = PBXFileReference; name = "CDVViewController+SplashScreen.m"; path = "cordova-plugin-splashscreen/CDVViewController+SplashScreen.m"; sourceTree = "<group>"; fileEncoding = 4; lastKnownFileType = sourcecode.c.objc; explicitFileType = undefined; includeInIndex = 0; };
		9481FF2DB04A40719359113B /* CDVSplashScreen.h */ = {isa = PBXFileReference; name = "CDVSplashScreen.h"; path = "cordova-plugin-splashscreen/CDVSplashScreen.h"; sourceTree = "<group>"; fileEncoding = 4; lastKnownFileType = sourcecode.c.h; explicitFileType = undefined; includeInIndex = 0; };
		A345C3116A2B4764BDF92618 /* CDVViewController+SplashScreen.h */ = {isa = PBXFileReference; name = "CDVViewController+SplashScreen.h"; path = "cordova-plugin-splashscreen/CDVViewController+SplashScreen.h"; sourceTree = "<group>"; fileEncoding = 4; lastKnownFileType = sourcecode.c.h; explicitFileType = undefined; includeInIndex = 0; };
		16456095884C4FB19736E311 /* CDVStatusBar.m */ = {isa = PBXFileReference; name = "CDVStatusBar.m"; path = "cordova-plugin-statusbar/CDVStatusBar.m"; sourceTree = "<group>"; fileEncoding = 4; lastKnownFileType = sourcecode.c.objc; explicitFileType = undefined; includeInIndex = 0; };
		7EE78C40B22246A0936C3058 /* CDVStatusBar.h */ = {isa = PBXFileReference; name = "CDVStatusBar.h"; path = "cordova-plugin-statusbar/CDVStatusBar.h"; sourceTree = "<group>"; fileEncoding = 4; lastKnownFileType = sourcecode.c.h; explicitFileType = undefined; includeInIndex = 0; };
		3AD20540E8774546A2A5D587 /* ZipPlugin.m */ = {isa = PBXFileReference; name = "ZipPlugin.m"; path = "cordova-plugin-zip/ZipPlugin.m"; sourceTree = "<group>"; fileEncoding = 4; lastKnownFileType = sourcecode.c.objc; explicitFileType = undefined; includeInIndex = 0; };
		3EE2B21CD0BE44FA9A991470 /* aescrypt.c */ = {isa = PBXFileReference; name = "aescrypt.c"; path = "cordova-plugin-zip/Plugins/aes/aescrypt.c"; sourceTree = "<group>"; fileEncoding = undefined; lastKnownFileType = unknown; explicitFileType = undefined; includeInIndex = 0; };
		39AC8AE6830947A78E4D6DD7 /* aeskey.c */ = {isa = PBXFileReference; name = "aeskey.c"; path = "cordova-plugin-zip/Plugins/aes/aeskey.c"; sourceTree = "<group>"; fileEncoding = undefined; lastKnownFileType = unknown; explicitFileType = undefined; includeInIndex = 0; };
		6DEF292086DE4A709D21B6C9 /* aestab.c */ = {isa = PBXFileReference; name = "aestab.c"; path = "cordova-plugin-zip/Plugins/aes/aestab.c"; sourceTree = "<group>"; fileEncoding = undefined; lastKnownFileType = unknown; explicitFileType = undefined; includeInIndex = 0; };
		A1F3984870464951883D7DE3 /* entropy.c */ = {isa = PBXFileReference; name = "entropy.c"; path = "cordova-plugin-zip/Plugins/aes/entropy.c"; sourceTree = "<group>"; fileEncoding = undefined; lastKnownFileType = unknown; explicitFileType = undefined; includeInIndex = 0; };
		CC8F11077BB44504A4C5BA13 /* fileenc.c */ = {isa = PBXFileReference; name = "fileenc.c"; path = "cordova-plugin-zip/Plugins/aes/fileenc.c"; sourceTree = "<group>"; fileEncoding = undefined; lastKnownFileType = unknown; explicitFileType = undefined; includeInIndex = 0; };
		557D73F6D4DE4D218375628E /* hmac.c */ = {isa = PBXFileReference; name = "hmac.c"; path = "cordova-plugin-zip/Plugins/aes/hmac.c"; sourceTree = "<group>"; fileEncoding = undefined; lastKnownFileType = unknown; explicitFileType = undefined; includeInIndex = 0; };
		33B923C8B48E42EF8A1FB53D /* prng.c */ = {isa = PBXFileReference; name = "prng.c"; path = "cordova-plugin-zip/Plugins/aes/prng.c"; sourceTree = "<group>"; fileEncoding = undefined; lastKnownFileType = unknown; explicitFileType = undefined; includeInIndex = 0; };
		BC44F914FB3F4EB59C5981EA /* pwd2key.c */ = {isa = PBXFileReference; name = "pwd2key.c"; path = "cordova-plugin-zip/Plugins/aes/pwd2key.c"; sourceTree = "<group>"; fileEncoding = undefined; lastKnownFileType = unknown; explicitFileType = undefined; includeInIndex = 0; };
		B6F2C385E14D423C81F9BA49 /* sha1.c */ = {isa = PBXFileReference; name = "sha1.c"; path = "cordova-plugin-zip/Plugins/aes/sha1.c"; sourceTree = "<group>"; fileEncoding = undefined; lastKnownFileType = unknown; explicitFileType = undefined; includeInIndex = 0; };
		5E69235F6DA7489DB6F483C4 /* SSZipArchive.m */ = {isa = PBXFileReference; name = "SSZipArchive.m"; path = "cordova-plugin-zip/Plugins/minizip/SSZipArchive.m"; sourceTree = "<group>"; fileEncoding = 4; lastKnownFileType = sourcecode.c.objc; explicitFileType = undefined; includeInIndex = 0; };
		38E68FB93505449B94E61763 /* zip.c */ = {isa = PBXFileReference; name = "zip.c"; path = "cordova-plugin-zip/Plugins/minizip/zip.c"; sourceTree = "<group>"; fileEncoding = undefined; lastKnownFileType = unknown; explicitFileType = undefined; includeInIndex = 0; };
		6FC07C767962469B9A24591D /* unzip.c */ = {isa = PBXFileReference; name = "unzip.c"; path = "cordova-plugin-zip/Plugins/minizip/unzip.c"; sourceTree = "<group>"; fileEncoding = undefined; lastKnownFileType = unknown; explicitFileType = undefined; includeInIndex = 0; };
		FDB5ACB3FB75497685CB1634 /* mztools.c */ = {isa = PBXFileReference; name = "mztools.c"; path = "cordova-plugin-zip/Plugins/minizip/mztools.c"; sourceTree = "<group>"; fileEncoding = undefined; lastKnownFileType = unknown; explicitFileType = undefined; includeInIndex = 0; };
		64B18D23E3AF478780ED3BDB /* ioapi.c */ = {isa = PBXFileReference; name = "ioapi.c"; path = "cordova-plugin-zip/Plugins/minizip/ioapi.c"; sourceTree = "<group>"; fileEncoding = undefined; lastKnownFileType = unknown; explicitFileType = undefined; includeInIndex = 0; };
		16D06C2C88394FC0945603C8 /* ZipPlugin.h */ = {isa = PBXFileReference; name = "ZipPlugin.h"; path = "cordova-plugin-zip/ZipPlugin.h"; sourceTree = "<group>"; fileEncoding = 4; lastKnownFileType = sourcecode.c.h; explicitFileType = undefined; includeInIndex = 0; };
		7EAB940C36594B0E97E18E8D /* Common.h */ = {isa = PBXFileReference; name = "Common.h"; path = "cordova-plugin-zip/Common.h"; sourceTree = "<group>"; fileEncoding = 4; lastKnownFileType = sourcecode.c.h; explicitFileType = undefined; includeInIndex = 0; };
		956665C5904D4BDA8DEA7B19 /* aes.h */ = {isa = PBXFileReference; name = "aes.h"; path = "cordova-plugin-zip/Plugins/aes/aes.h"; sourceTree = "<group>"; fileEncoding = 4; lastKnownFileType = sourcecode.c.h; explicitFileType = undefined; includeInIndex = 0; };
		E12A3DDF6FE145ADAB37B2C2 /* aes_via_ace.h */ = {isa = PBXFileReference; name = "aes_via_ace.h"; path = "cordova-plugin-zip/Plugins/aes/aes_via_ace.h"; sourceTree = "<group>"; fileEncoding = 4; lastKnownFileType = sourcecode.c.h; explicitFileType = undefined; includeInIndex = 0; };
		9EE12769B8494DEE9F95447F /* aesopt.h */ = {isa = PBXFileReference; name = "aesopt.h"; path = "cordova-plugin-zip/Plugins/aes/aesopt.h"; sourceTree = "<group>"; fileEncoding = 4; lastKnownFileType = sourcecode.c.h; explicitFileType = undefined; includeInIndex = 0; };
		0036BB3AA1DB47D48887A43F /* aestab.h */ = {isa = PBXFileReference; name = "aestab.h"; path = "cordova-plugin-zip/Plugins/aes/aestab.h"; sourceTree = "<group>"; fileEncoding = 4; lastKnownFileType = sourcecode.c.h; explicitFileType = undefined; includeInIndex = 0; };
		5F96A76D970045FF95C2715F /* brg_endian.h */ = {isa = PBXFileReference; name = "brg_endian.h"; path = "cordova-plugin-zip/Plugins/aes/brg_endian.h"; sourceTree = "<group>"; fileEncoding = 4; lastKnownFileType = sourcecode.c.h; explicitFileType = undefined; includeInIndex = 0; };
		1BB1CA456F2C4452A1335BB7 /* brg_types.h */ = {isa = PBXFileReference; name = "brg_types.h"; path = "cordova-plugin-zip/Plugins/aes/brg_types.h"; sourceTree = "<group>"; fileEncoding = 4; lastKnownFileType = sourcecode.c.h; explicitFileType = undefined; includeInIndex = 0; };
		384FD55074BA4BF5B1E19F8D /* entropy.h */ = {isa = PBXFileReference; name = "entropy.h"; path = "cordova-plugin-zip/Plugins/aes/entropy.h"; sourceTree = "<group>"; fileEncoding = 4; lastKnownFileType = sourcecode.c.h; explicitFileType = undefined; includeInIndex = 0; };
		27D8149D42EE42B9BA8A61B1 /* fileenc.h */ = {isa = PBXFileReference; name = "fileenc.h"; path = "cordova-plugin-zip/Plugins/aes/fileenc.h"; sourceTree = "<group>"; fileEncoding = 4; lastKnownFileType = sourcecode.c.h; explicitFileType = undefined; includeInIndex = 0; };
		3B91BD0FD72543D395F1477F /* hmac.h */ = {isa = PBXFileReference; name = "hmac.h"; path = "cordova-plugin-zip/Plugins/aes/hmac.h"; sourceTree = "<group>"; fileEncoding = 4; lastKnownFileType = sourcecode.c.h; explicitFileType = undefined; includeInIndex = 0; };
		DCF07DC929154FDD8BDE3E59 /* prng.h */ = {isa = PBXFileReference; name = "prng.h"; path = "cordova-plugin-zip/Plugins/aes/prng.h"; sourceTree = "<group>"; fileEncoding = 4; lastKnownFileType = sourcecode.c.h; explicitFileType = undefined; includeInIndex = 0; };
		FE8149E66BA346FCB1A57B32 /* pwd2key.h */ = {isa = PBXFileReference; name = "pwd2key.h"; path = "cordova-plugin-zip/Plugins/aes/pwd2key.h"; sourceTree = "<group>"; fileEncoding = 4; lastKnownFileType = sourcecode.c.h; explicitFileType = undefined; includeInIndex = 0; };
		3B7BB0BF49CC4AEF8D41541F /* sha1.h */ = {isa = PBXFileReference; name = "sha1.h"; path = "cordova-plugin-zip/Plugins/aes/sha1.h"; sourceTree = "<group>"; fileEncoding = 4; lastKnownFileType = sourcecode.c.h; explicitFileType = undefined; includeInIndex = 0; };
		CCF58F615BFC439C89F219D4 /* SSZipArchive.h */ = {isa = PBXFileReference; name = "SSZipArchive.h"; path = "cordova-plugin-zip/Plugins/minizip/SSZipArchive.h"; sourceTree = "<group>"; fileEncoding = 4; lastKnownFileType = sourcecode.c.h; explicitFileType = undefined; includeInIndex = 0; };
		2FE7E64D12A1465B90C7599B /* zip.h */ = {isa = PBXFileReference; name = "zip.h"; path = "cordova-plugin-zip/Plugins/minizip/zip.h"; sourceTree = "<group>"; fileEncoding = 4; lastKnownFileType = sourcecode.c.h; explicitFileType = undefined; includeInIndex = 0; };
		65B7FE03CBBB4AE0B9A9572F /* unzip.h */ = {isa = PBXFileReference; name = "unzip.h"; path = "cordova-plugin-zip/Plugins/minizip/unzip.h"; sourceTree = "<group>"; fileEncoding = 4; lastKnownFileType = sourcecode.c.h; explicitFileType = undefined; includeInIndex = 0; };
		E3A14B42E07E48B09CDCC9E1 /* mztools.h */ = {isa = PBXFileReference; name = "mztools.h"; path = "cordova-plugin-zip/Plugins/minizip/mztools.h"; sourceTree = "<group>"; fileEncoding = 4; lastKnownFileType = sourcecode.c.h; explicitFileType = undefined; includeInIndex = 0; };
		C95FF8E0FB7F44D6B10F488F /* ioapi.h */ = {isa = PBXFileReference; name = "ioapi.h"; path = "cordova-plugin-zip/Plugins/minizip/ioapi.h"; sourceTree = "<group>"; fileEncoding = 4; lastKnownFileType = sourcecode.c.h; explicitFileType = undefined; includeInIndex = 0; };
		A50402EA96E84995BABE9569 /* crypt.h */ = {isa = PBXFileReference; name = "crypt.h"; path = "cordova-plugin-zip/Plugins/minizip/crypt.h"; sourceTree = "<group>"; fileEncoding = 4; lastKnownFileType = sourcecode.c.h; explicitFileType = undefined; includeInIndex = 0; };
		6185CFBC14D8457CB260BC66 /* libz.dylib */ = {isa = PBXFileReference; name = "libz.dylib"; path = "usr/lib/libz.dylib"; sourceTree = SDKROOT; fileEncoding = undefined; lastKnownFileType = compiled.mach-o.dylib; explicitFileType = undefined; includeInIndex = 0; };
		6585248267F54C868CE322EE /* SQLitePlugin.m */ = {isa = PBXFileReference; name = "SQLitePlugin.m"; path = "cordova-sqlite-evcore-extbuild-free/SQLitePlugin.m"; sourceTree = "<group>"; fileEncoding = 4; lastKnownFileType = sourcecode.c.objc; explicitFileType = undefined; includeInIndex = 0; };
		ACFAFBA8943B4534AB6A8C9A /* PSPDFThreadSafeMutableDictionary.m */ = {isa = PBXFileReference; name = "PSPDFThreadSafeMutableDictionary.m"; path = "cordova-sqlite-evcore-extbuild-free/PSPDFThreadSafeMutableDictionary.m"; sourceTree = "<group>"; fileEncoding = 4; lastKnownFileType = sourcecode.c.objc; explicitFileType = undefined; includeInIndex = 0; };
		07FF955015CF49E78320F4F1 /* sqlite3_regexp.c */ = {isa = PBXFileReference; name = "sqlite3_regexp.c"; path = "cordova-sqlite-evcore-extbuild-free/sqlite3_regexp.c"; sourceTree = "<group>"; fileEncoding = undefined; lastKnownFileType = unknown; explicitFileType = undefined; includeInIndex = 0; };
		60FE85920E5741B7948DAC1B /* sqlite3_base64.c */ = {isa = PBXFileReference; name = "sqlite3_base64.c"; path = "cordova-sqlite-evcore-extbuild-free/sqlite3_base64.c"; sourceTree = "<group>"; fileEncoding = undefined; lastKnownFileType = unknown; explicitFileType = undefined; includeInIndex = 0; };
		758A93F310E04960B2B6432D /* cencode.c */ = {isa = PBXFileReference; name = "cencode.c"; path = "cordova-sqlite-evcore-extbuild-free/cencode.c"; sourceTree = "<group>"; fileEncoding = undefined; lastKnownFileType = unknown; explicitFileType = undefined; includeInIndex = 0; };
		A9889884C7AE497CB0FA18A5 /* sqlite3.c */ = {isa = PBXFileReference; name = "sqlite3.c"; path = "cordova-sqlite-evcore-extbuild-free/sqlite3.c"; sourceTree = "<group>"; fileEncoding = undefined; lastKnownFileType = unknown; explicitFileType = undefined; includeInIndex = 0; };
		02BF2912CBB747B6AF1FC8B6 /* SQLitePlugin.h */ = {isa = PBXFileReference; name = "SQLitePlugin.h"; path = "cordova-sqlite-evcore-extbuild-free/SQLitePlugin.h"; sourceTree = "<group>"; fileEncoding = 4; lastKnownFileType = sourcecode.c.h; explicitFileType = undefined; includeInIndex = 0; };
		4537CB29A18D4C0087EEC0E2 /* PSPDFThreadSafeMutableDictionary.h */ = {isa = PBXFileReference; name = "PSPDFThreadSafeMutableDictionary.h"; path = "cordova-sqlite-evcore-extbuild-free/PSPDFThreadSafeMutableDictionary.h"; sourceTree = "<group>"; fileEncoding = 4; lastKnownFileType = sourcecode.c.h; explicitFileType = undefined; includeInIndex = 0; };
		B3D19170C68E4318AE6E305E /* sqlite3_regexp.h */ = {isa = PBXFileReference; name = "sqlite3_regexp.h"; path = "cordova-sqlite-evcore-extbuild-free/sqlite3_regexp.h"; sourceTree = "<group>"; fileEncoding = 4; lastKnownFileType = sourcecode.c.h; explicitFileType = undefined; includeInIndex = 0; };
		F43CE2C2840E4CE385731F96 /* sqlite3_base64.h */ = {isa = PBXFileReference; name = "sqlite3_base64.h"; path = "cordova-sqlite-evcore-extbuild-free/sqlite3_base64.h"; sourceTree = "<group>"; fileEncoding = 4; lastKnownFileType = sourcecode.c.h; explicitFileType = undefined; includeInIndex = 0; };
		6766B43181784FA69C99CA99 /* cencode.h */ = {isa = PBXFileReference; name = "cencode.h"; path = "cordova-sqlite-evcore-extbuild-free/cencode.h"; sourceTree = "<group>"; fileEncoding = 4; lastKnownFileType = sourcecode.c.h; explicitFileType = undefined; includeInIndex = 0; };
		F747868786684C28BF5AE4CA /* sqlite3.h */ = {isa = PBXFileReference; name = "sqlite3.h"; path = "cordova-sqlite-evcore-extbuild-free/sqlite3.h"; sourceTree = "<group>"; fileEncoding = 4; lastKnownFileType = sourcecode.c.h; explicitFileType = undefined; includeInIndex = 0; };
		07D0E47FBFB346EFAA5B6CBA /* IonicKeyboard.m */ = {isa = PBXFileReference; name = "IonicKeyboard.m"; path = "ionic-plugin-keyboard/IonicKeyboard.m"; sourceTree = "<group>"; fileEncoding = 4; lastKnownFileType = sourcecode.c.objc; explicitFileType = undefined; includeInIndex = 0; };
		D89961F47BC447CBAB15666C /* IonicKeyboard.h */ = {isa = PBXFileReference; name = "IonicKeyboard.h"; path = "ionic-plugin-keyboard/IonicKeyboard.h"; sourceTree = "<group>"; fileEncoding = 4; lastKnownFileType = sourcecode.c.h; explicitFileType = undefined; includeInIndex = 0; };
		26E7747189284ABE9ED8A87F /* BackgroundAudio.m */ = {isa = PBXFileReference; name = "BackgroundAudio.m"; path = "nl.kingsquare.cordova.background-audio/BackgroundAudio.m"; sourceTree = "<group>"; fileEncoding = 4; lastKnownFileType = sourcecode.c.objc; explicitFileType = undefined; includeInIndex = 0; };
		3A784A0381C344C89A18DFEC /* AppDelegate+notification.m */ = {isa = PBXFileReference; name = "AppDelegate+notification.m"; path = "phonegap-plugin-push/AppDelegate+notification.m"; sourceTree = "<group>"; fileEncoding = 4; lastKnownFileType = sourcecode.c.objc; explicitFileType = undefined; includeInIndex = 0; };
		D261297A0DC54647B7D6D7B1 /* PushPlugin.m */ = {isa = PBXFileReference; name = "PushPlugin.m"; path = "phonegap-plugin-push/PushPlugin.m"; sourceTree = "<group>"; fileEncoding = 4; lastKnownFileType = sourcecode.c.objc; explicitFileType = undefined; includeInIndex = 0; };
		4C724997A33B40B0B9576D0E /* AppDelegate+notification.h */ = {isa = PBXFileReference; name = "AppDelegate+notification.h"; path = "phonegap-plugin-push/AppDelegate+notification.h"; sourceTree = "<group>"; fileEncoding = 4; lastKnownFileType = sourcecode.c.h; explicitFileType = undefined; includeInIndex = 0; };
		44009E0B4E6D4DB9B526AC90 /* PushPlugin.h */ = {isa = PBXFileReference; name = "PushPlugin.h"; path = "phonegap-plugin-push/PushPlugin.h"; sourceTree = "<group>"; fileEncoding = 4; lastKnownFileType = sourcecode.c.h; explicitFileType = undefined; includeInIndex = 0; };
		90F9E66C83AF482389E35A7B /* PushKit.framework */ = {isa = PBXFileReference; name = "PushKit.framework"; path = "System/Library/Frameworks/PushKit.framework"; sourceTree = SDKROOT; fileEncoding = undefined; lastKnownFileType = wrapper.framework; explicitFileType = undefined; includeInIndex = 0; };
/* End PBXFileReference section */

/* Begin PBXFrameworksBuildPhase section */
		1D60588F0D05DD3D006BFB54 /* Frameworks */ = {
			isa = PBXFrameworksBuildPhase;
			buildActionMask = 2147483647;
			files = (
				301BF552109A68D80062928A /* libCordova.a in Frameworks */,
				9DF1882FEB534B408E48585A /* ImageIO.framework in Frameworks */,
				9F76FA888A3D45B19E1464DF /* CoreLocation.framework in Frameworks */,
				1224B810E5E14136A45A0F21 /* AVFoundation.framework in Frameworks */,
				D366436823CB4B658ED17B18 /* SystemConfiguration.framework in Frameworks */,
				1310EDE98CEF40C8B46E6FA4 /* CoreTelephony.framework in Frameworks */,
				664C908B2A9B4EBC871B60FE /* libz.dylib in Frameworks */,
				A763DFC2634A4909AA9F8BCA /* PushKit.framework in Frameworks */,
			);
			runOnlyForDeploymentPostprocessing = 0;
		};
/* End PBXFrameworksBuildPhase section */

/* Begin PBXGroup section */
		080E96DDFE201D6D7F000001 /* Classes */ = {
			isa = PBXGroup;
			children = (
				302D95EE14D2391D003F00A1 /* MainViewController.h */,
				302D95EF14D2391D003F00A1 /* MainViewController.m */,
				302D95F014D2391D003F00A1 /* MainViewController.xib */,
				1D3623240D0F684500981E51 /* AppDelegate.h */,
				1D3623250D0F684500981E51 /* AppDelegate.m */,
			);
			name = Classes;
			path = "Magfa ELM/Classes";
			sourceTree = SOURCE_ROOT;
		};
		19C28FACFE9D520D11CA2CBB /* Products */ = {
			isa = PBXGroup;
			children = (
				1D6058910D05DD3D006BFB54 /* Magfa ELM.app */,
			);
			name = Products;
			sourceTree = "<group>";
		};
		29B97314FDCFA39411CA2CEA /* CustomTemplate */ = {
			isa = PBXGroup;
			children = (
				EB87FDF41871DAF40020F90C /* config.xml */,
				EB87FDF31871DA8E0020F90C /* www */,
				EB87FDF11871DA420020F90C /* Staging */,
				301BF52D109A57CC0062928A /* CordovaLib.xcodeproj */,
				080E96DDFE201D6D7F000001 /* Classes */,
				307C750510C5A3420062BCA9 /* Plugins */,
				29B97315FDCFA39411CA2CEA /* Other Sources */,
				29B97317FDCFA39411CA2CEA /* Resources */,
				29B97323FDCFA39411CA2CEA /* Frameworks */,
				19C28FACFE9D520D11CA2CBB /* Products */,
			);
			name = CustomTemplate;
			sourceTree = "<group>";
		};
		29B97315FDCFA39411CA2CEA /* Other Sources */ = {
			isa = PBXGroup;
			children = (
				32CA4F630368D1EE00C91783 /* Magfa ELM-Prefix.pch */,
				29B97316FDCFA39411CA2CEA /* main.m */,
				ED33DF2A687741AEAF9F8254 /* Bridging-Header.h */,
			);
			name = "Other Sources";
			path = "Magfa ELM";
			sourceTree = "<group>";
		};
		29B97317FDCFA39411CA2CEA /* Resources */ = {
			isa = PBXGroup;
			children = (
				0207DA571B56EA530066E2B4 /* Images.xcassets */,
				3047A50E1AB8057F00498E2A /* config */,
				8D1107310486CEB800E47090 /* Magfa ELM-Info.plist */,
				6AFF5BF81D6E424B00AB3073 /* CDVLaunchScreen.storyboard */,
				484CD921F17C4395ACF5F9F0 /* CDVCapture.bundle */,
			);
			name = Resources;
			path = "Magfa ELM/Resources";
			sourceTree = "<group>";
		};
		29B97323FDCFA39411CA2CEA /* Frameworks */ = {
			isa = PBXGroup;
			children = (
				99E45140C18749709A3B76B0 /* ImageIO.framework */,
				30E46946AC264BADA9258CBA /* CoreLocation.framework */,
				B1A9C58FDF3841B48442660F /* AVFoundation.framework */,
				6214ECD7FD174F4D87A0B63B /* SystemConfiguration.framework */,
				55D3E5D182DD45F4B493720A /* CoreTelephony.framework */,
				6185CFBC14D8457CB260BC66 /* libz.dylib */,
				90F9E66C83AF482389E35A7B /* PushKit.framework */,
			);
			name = Frameworks;
			sourceTree = "<group>";
		};
		301BF52E109A57CC0062928A /* Products */ = {
			isa = PBXGroup;
			children = (
				301BF535109A57CC0062928A /* libCordova.a */,
			);
			name = Products;
			sourceTree = "<group>";
		};
		3047A50E1AB8057F00498E2A /* config */ = {
			isa = PBXGroup;
			children = (
				3047A50F1AB8059700498E2A /* build-debug.xcconfig */,
				3047A5101AB8059700498E2A /* build-release.xcconfig */,
				3047A5111AB8059700498E2A /* build.xcconfig */,
			);
			name = config;
			sourceTree = "<group>";
		};
		307C750510C5A3420062BCA9 /* Plugins */ = {
			isa = PBXGroup;
			children = (
				24C47679C8BD4B81BD1AE13D /* CDVClipboard.m */,
				277E5675635942159F8836F4 /* CDVClipboard.h */,
				D1734D7DFB5F4BE7AEB70423 /* AppDelegate+APPAppEvent.m */,
				8521A21AF42B4247BABD76DF /* CDVPlugin+APPAppEvent.m */,
				A19777D5773F47A5B82F4E62 /* AppDelegate+APPAppEvent.h */,
				227B7ED5C4F440B89A3CAE5C /* CDVPlugin+APPAppEvent.h */,
				6AA78EF27B884A699DA7F572 /* APPAppEventDelegate.h */,
				AC376BC9D1C34FE585B3F225 /* APPBadge.m */,
				7538577F3E734E94A8D6B1DB /* APPBadge.h */,
				A2B28FF101674667AC6E2313 /* UIImage+CropScaleOrientation.m */,
				6174E62BC9CD4D0BA6702920 /* CDVCamera.m */,
				33DCC96A2F53426DB746E934 /* CDVJpegHeaderWriter.m */,
				460CC54DD00B4A6FBFC6CD6A /* UIImage+CropScaleOrientation.h */,
				E6F5C009C7384AB6ADE748D4 /* CDVCamera.h */,
				77A2C1540E3646BF917D507C /* CDVJpegHeaderWriter.h */,
				7D266C5780874718AA8EFD48 /* CDVExif.h */,
				D80B8CA257F147C39FE48444 /* CDVDevice.m */,
				8647BA1CBF4D49B193DDEF15 /* CDVDevice.h */,
				CC9C0AA7CDBA4AA68964EF1F /* CDVFile.m */,
				973B9F0AD2CF41C299C1D476 /* CDVLocalFilesystem.m */,
				9DB7DE08BD2140CDA58C11A2 /* CDVAssetLibraryFilesystem.m */,
				62193C90BF8143D8B1E42327 /* CDVFile.h */,
				C25673B6E6834B9CA6F20ABC /* CDVLocalFilesystem.h */,
				C2D7D5D463174541A53F5EE6 /* CDVAssetLibraryFilesystem.h */,
				C12AF46C0D404428BDAC3C13 /* FileOpener2.m */,
				14F5B3AE78774D6EAA2324DF /* FileOpener2.h */,
				65278DB20D464C7FAF70FDD9 /* CDVFileTransfer.m */,
				6BBDF57ECCDC47DF8EFBA114 /* CDVFileTransfer.h */,
				43199DCA171A4E1BAC237CFA /* CDVGlobalization.m */,
				DF8D29F951674E20B579D19E /* CDVGlobalization.h */,
				D1B4A6D30D564DF7BDDF72CC /* CDVInAppBrowser.m */,
				CBEE0800C97E416B97700BBF /* CDVInAppBrowser.h */,
				029B83F485684B1BB520E43C /* APPLocalNotification.m */,
				4CF95C2BCDD04B10AEA77B52 /* APPLocalNotificationOptions.m */,
				241F1F9ED0744BC6A95E42D8 /* UIApplication+APPLocalNotification.m */,
				6743B65EFF154B5E97198586 /* UILocalNotification+APPLocalNotification.m */,
				4ACE069F3D794253942D8E24 /* APPLocalNotification.h */,
				0A19BDC09DF04C7785D7A57F /* APPLocalNotificationOptions.h */,
				6654E582DC9F4631A82A8E4E /* UIApplication+APPLocalNotification.h */,
				4AB57BDF7EC54DAA957B122F /* UILocalNotification+APPLocalNotification.h */,
				D6B4A643DD7649ADAFB1D6CF /* CDVCapture.m */,
				8677AF966E4B4A94BBDAE1FA /* CDVCapture.h */,
				B5EF399441A0434FBD8960BF /* CDVConnection.m */,
				4752595DE38D4B0A93854EA0 /* CDVReachability.m */,
				1E2EA6A9B9AA4AD29BE8D8F7 /* CDVConnection.h */,
				7E1E6FFDC4414AFDA77CDC96 /* CDVReachability.h */,
				6195FE6ED1AD40C38D158FA7 /* CDVSplashScreen.m */,
				411FF040115642FA86AD6AD6 /* CDVViewController+SplashScreen.m */,
				9481FF2DB04A40719359113B /* CDVSplashScreen.h */,
				A345C3116A2B4764BDF92618 /* CDVViewController+SplashScreen.h */,
				16456095884C4FB19736E311 /* CDVStatusBar.m */,
				7EE78C40B22246A0936C3058 /* CDVStatusBar.h */,
				3AD20540E8774546A2A5D587 /* ZipPlugin.m */,
				3EE2B21CD0BE44FA9A991470 /* aescrypt.c */,
				39AC8AE6830947A78E4D6DD7 /* aeskey.c */,
				6DEF292086DE4A709D21B6C9 /* aestab.c */,
				A1F3984870464951883D7DE3 /* entropy.c */,
				CC8F11077BB44504A4C5BA13 /* fileenc.c */,
				557D73F6D4DE4D218375628E /* hmac.c */,
				33B923C8B48E42EF8A1FB53D /* prng.c */,
				BC44F914FB3F4EB59C5981EA /* pwd2key.c */,
				B6F2C385E14D423C81F9BA49 /* sha1.c */,
				5E69235F6DA7489DB6F483C4 /* SSZipArchive.m */,
				38E68FB93505449B94E61763 /* zip.c */,
				6FC07C767962469B9A24591D /* unzip.c */,
				FDB5ACB3FB75497685CB1634 /* mztools.c */,
				64B18D23E3AF478780ED3BDB /* ioapi.c */,
				16D06C2C88394FC0945603C8 /* ZipPlugin.h */,
				7EAB940C36594B0E97E18E8D /* Common.h */,
				956665C5904D4BDA8DEA7B19 /* aes.h */,
				E12A3DDF6FE145ADAB37B2C2 /* aes_via_ace.h */,
				9EE12769B8494DEE9F95447F /* aesopt.h */,
				0036BB3AA1DB47D48887A43F /* aestab.h */,
				5F96A76D970045FF95C2715F /* brg_endian.h */,
				1BB1CA456F2C4452A1335BB7 /* brg_types.h */,
				384FD55074BA4BF5B1E19F8D /* entropy.h */,
				27D8149D42EE42B9BA8A61B1 /* fileenc.h */,
				3B91BD0FD72543D395F1477F /* hmac.h */,
				DCF07DC929154FDD8BDE3E59 /* prng.h */,
				FE8149E66BA346FCB1A57B32 /* pwd2key.h */,
				3B7BB0BF49CC4AEF8D41541F /* sha1.h */,
				CCF58F615BFC439C89F219D4 /* SSZipArchive.h */,
				2FE7E64D12A1465B90C7599B /* zip.h */,
				65B7FE03CBBB4AE0B9A9572F /* unzip.h */,
				E3A14B42E07E48B09CDCC9E1 /* mztools.h */,
				C95FF8E0FB7F44D6B10F488F /* ioapi.h */,
				A50402EA96E84995BABE9569 /* crypt.h */,
				6585248267F54C868CE322EE /* SQLitePlugin.m */,
				ACFAFBA8943B4534AB6A8C9A /* PSPDFThreadSafeMutableDictionary.m */,
				07FF955015CF49E78320F4F1 /* sqlite3_regexp.c */,
				60FE85920E5741B7948DAC1B /* sqlite3_base64.c */,
				758A93F310E04960B2B6432D /* cencode.c */,
				A9889884C7AE497CB0FA18A5 /* sqlite3.c */,
				02BF2912CBB747B6AF1FC8B6 /* SQLitePlugin.h */,
				4537CB29A18D4C0087EEC0E2 /* PSPDFThreadSafeMutableDictionary.h */,
				B3D19170C68E4318AE6E305E /* sqlite3_regexp.h */,
				F43CE2C2840E4CE385731F96 /* sqlite3_base64.h */,
				6766B43181784FA69C99CA99 /* cencode.h */,
				F747868786684C28BF5AE4CA /* sqlite3.h */,
				07D0E47FBFB346EFAA5B6CBA /* IonicKeyboard.m */,
				D89961F47BC447CBAB15666C /* IonicKeyboard.h */,
				26E7747189284ABE9ED8A87F /* BackgroundAudio.m */,
				3A784A0381C344C89A18DFEC /* AppDelegate+notification.m */,
				D261297A0DC54647B7D6D7B1 /* PushPlugin.m */,
				4C724997A33B40B0B9576D0E /* AppDelegate+notification.h */,
				44009E0B4E6D4DB9B526AC90 /* PushPlugin.h */,
			);
			name = Plugins;
			path = "Magfa ELM/Plugins";
			sourceTree = SOURCE_ROOT;
		};
		EB87FDF11871DA420020F90C /* Staging */ = {
			isa = PBXGroup;
			children = (
				F840E1F0165FE0F500CFE078 /* config.xml */,
				301BF56E109A69640062928A /* www */,
			);
			name = Staging;
			sourceTree = "<group>";
		};
/* End PBXGroup section */

/* Begin PBXNativeTarget section */
		1D6058900D05DD3D006BFB54 /* Magfa ELM */ = {
			isa = PBXNativeTarget;
			buildConfigurationList = 1D6058960D05DD3E006BFB54 /* Build configuration list for PBXNativeTarget "Magfa ELM" */;
			buildPhases = (
				304B58A110DAC018002A0835 /* Copy www directory */,
				1D60588D0D05DD3D006BFB54 /* Resources */,
				1D60588E0D05DD3D006BFB54 /* Sources */,
				1D60588F0D05DD3D006BFB54 /* Frameworks */,
			);
			buildRules = (
			);
			dependencies = (
				301BF551109A68C00062928A /* PBXTargetDependency */,
			);
			name = "Magfa ELM";
			productName = "Magfa ELM";
			productReference = 1D6058910D05DD3D006BFB54 /* Magfa ELM.app */;
			productType = "com.apple.product-type.application";
		};
/* End PBXNativeTarget section */

/* Begin PBXProject section */
		29B97313FDCFA39411CA2CEA /* Project object */ = {
			isa = PBXProject;
			attributes = {
				LastUpgradeCheck = 510;
			};
			buildConfigurationList = C01FCF4E08A954540054247B /* Build configuration list for PBXProject "__NON-CLI__" */;
			compatibilityVersion = "Xcode 3.2";
			developmentRegion = English;
			hasScannedForEncodings = 1;
			mainGroup = 29B97314FDCFA39411CA2CEA /* CustomTemplate */;
			projectDirPath = "";
			projectReferences = (
				{
					ProductGroup = 301BF52E109A57CC0062928A /* Products */;
					ProjectRef = 301BF52D109A57CC0062928A /* CordovaLib.xcodeproj */;
				},
			);
			projectRoot = "";
			targets = (
				1D6058900D05DD3D006BFB54 /* Magfa ELM */,
			);
		};
/* End PBXProject section */

/* Begin PBXReferenceProxy section */
		301BF535109A57CC0062928A /* libCordova.a */ = {
			isa = PBXReferenceProxy;
			fileType = archive.ar;
			path = libCordova.a;
			remoteRef = 301BF534109A57CC0062928A /* PBXContainerItemProxy */;
			sourceTree = BUILT_PRODUCTS_DIR;
		};
/* End PBXReferenceProxy section */

/* Begin PBXResourcesBuildPhase section */
		1D60588D0D05DD3D006BFB54 /* Resources */ = {
			isa = PBXResourcesBuildPhase;
			buildActionMask = 2147483647;
			files = (
				302D95F214D2391D003F00A1 /* MainViewController.xib in Resources */,
				0207DA581B56EA530066E2B4 /* Images.xcassets in Resources */,
				6AFF5BF91D6E424B00AB3073 /* CDVLaunchScreen.storyboard in Resources */,
				98CDCB1E695B46778EC6C072 /* CDVCapture.bundle in Resources */,
			);
			runOnlyForDeploymentPostprocessing = 0;
		};
/* End PBXResourcesBuildPhase section */

/* Begin PBXShellScriptBuildPhase section */
		304B58A110DAC018002A0835 /* Copy www directory */ = {
			isa = PBXShellScriptBuildPhase;
			buildActionMask = 2147483647;
			files = (
			);
			inputPaths = (
			);
			name = "Copy www directory";
			outputPaths = (
			);
			runOnlyForDeploymentPostprocessing = 0;
			shellPath = /bin/sh;
			shellScript = "NODEJS_PATH=/usr/local/bin; NVM_NODE_PATH=~/.nvm/versions/node/`nvm version 2>/dev/null`/bin; N_NODE_PATH=`find /usr/local/n/versions/node/* -maxdepth 0 -type d 2>/dev/null | tail -1`/bin; XCODE_NODE_PATH=`xcode-select --print-path`/usr/share/xcs/Node/bin; PATH=$NODEJS_PATH:$NVM_NODE_PATH:$N_NODE_PATH:$XCODE_NODE_PATH:$PATH && node cordova/lib/copy-www-build-step.js";
			showEnvVarsInLog = 0;
		};
/* End PBXShellScriptBuildPhase section */

/* Begin PBXSourcesBuildPhase section */
		1D60588E0D05DD3D006BFB54 /* Sources */ = {
			isa = PBXSourcesBuildPhase;
			buildActionMask = 2147483647;
			files = (
				1D60589B0D05DD56006BFB54 /* main.m in Sources */,
				1D3623260D0F684500981E51 /* AppDelegate.m in Sources */,
				302D95F114D2391D003F00A1 /* MainViewController.m in Sources */,
				C834B485D36C441AA5E8AE54 /* CDVClipboard.m in Sources */,
				161D8BF1A2D5450E98269EDE /* AppDelegate+APPAppEvent.m in Sources */,
				5FFA6426AFB740B0B61BBDCB /* CDVPlugin+APPAppEvent.m in Sources */,
				EAEF0478AE9044809D0E680F /* APPBadge.m in Sources */,
				D6F2E4D7F4AE45B998D6056F /* UIImage+CropScaleOrientation.m in Sources */,
				F94A786E146C4839B8744BF7 /* CDVCamera.m in Sources */,
				EB1DC4D96F61467EB03FE3E5 /* CDVJpegHeaderWriter.m in Sources */,
				E9A3E5689E89400E80CE98D3 /* CDVDevice.m in Sources */,
				0F0B481006C34C8DBDB6D369 /* CDVFile.m in Sources */,
				5DC8C4CD91FB467DB8EBE922 /* CDVLocalFilesystem.m in Sources */,
				570B712B68B049CD8FC8E7A2 /* CDVAssetLibraryFilesystem.m in Sources */,
				E4CC33FFAC394B9B99603E76 /* FileOpener2.m in Sources */,
				5BD6A7319F1D4D7DA52B53E9 /* CDVFileTransfer.m in Sources */,
				1018F1DE13E84B018281C2C4 /* CDVGlobalization.m in Sources */,
				FB61A45FB68441999C49067E /* CDVInAppBrowser.m in Sources */,
				9ABD2C3EC4254C47986BBEB4 /* APPLocalNotification.m in Sources */,
				1ECA504A7C594AA7BE616214 /* APPLocalNotificationOptions.m in Sources */,
				B9B4D20F13574A91BB5CF7A0 /* UIApplication+APPLocalNotification.m in Sources */,
				4E608D970D794270978B9C15 /* UILocalNotification+APPLocalNotification.m in Sources */,
				F5D5AB632F9A476FBBBFC78F /* CDVCapture.m in Sources */,
				83B558DA179B48559B480D38 /* CDVConnection.m in Sources */,
				260C54260FB646809E201F4A /* CDVReachability.m in Sources */,
				4E876974DA8545F6B1F8EFAF /* CDVSplashScreen.m in Sources */,
				2450E9EB36F14A5AB8712C01 /* CDVViewController+SplashScreen.m in Sources */,
				915A83DE154F43B99AD166AF /* CDVStatusBar.m in Sources */,
				8F1799247E8E4DC8841A692C /* ZipPlugin.m in Sources */,
				06C77D046974483396A91BD9 /* aescrypt.c in Resources */,
				E273EFEDB51046999503DBF3 /* aeskey.c in Resources */,
				4494562E46F0404088D752FC /* aestab.c in Resources */,
				EC7F178EFF22409F80AFEE0A /* entropy.c in Resources */,
				8AC81F2F8D3D42D08AD5001C /* fileenc.c in Resources */,
				299BD5958AF540DA9F10A060 /* hmac.c in Resources */,
				58E5730E32B94365B3A12039 /* prng.c in Resources */,
				47B45C2B4F4545FEB02E83DD /* pwd2key.c in Resources */,
				F728E5759A91438D900285F1 /* sha1.c in Resources */,
				69BF3928191542609049B3FD /* SSZipArchive.m in Sources */,
				0D6ADD85E7BF4FDDA12E5D7A /* zip.c in Resources */,
				1F90229115C64A0196E8167A /* unzip.c in Resources */,
				1129142A57CE4F9C9A4150E3 /* mztools.c in Resources */,
				B57789472B2B4817B127EDA8 /* ioapi.c in Resources */,
				69AE776D605E4C82B845B923 /* SQLitePlugin.m in Sources */,
				0243E52769DF4FA38816723C /* PSPDFThreadSafeMutableDictionary.m in Sources */,
				BE7E8103E9D84D5D807448F2 /* sqlite3_regexp.c in Resources */,
				90E0B51EF08C4F12933B5FC5 /* sqlite3_base64.c in Resources */,
				64F50E4399ED44E3A1D0D32E /* cencode.c in Resources */,
				A55179B3A74C42CD8B68E0D2 /* sqlite3.c in Resources */,
				D942A6753508430B8C159591 /* IonicKeyboard.m in Sources */,
				0E57B02D4C4048C3945C0D89 /* BackgroundAudio.m in Sources */,
				8E411436473C4B4FA6C3D83A /* AppDelegate+notification.m in Sources */,
				CDAF24A49F744AFC82CAC668 /* PushPlugin.m in Sources */,
			);
			runOnlyForDeploymentPostprocessing = 0;
		};
/* End PBXSourcesBuildPhase section */

/* Begin PBXTargetDependency section */
		301BF551109A68C00062928A /* PBXTargetDependency */ = {
			isa = PBXTargetDependency;
			name = CordovaLib;
			targetProxy = 301BF550109A68C00062928A /* PBXContainerItemProxy */;
		};
/* End PBXTargetDependency section */

/* Begin XCBuildConfiguration section */
		1D6058940D05DD3E006BFB54 /* Debug */ = {
			isa = XCBuildConfiguration;
			baseConfigurationReference = 3047A50F1AB8059700498E2A /* build-debug.xcconfig */;
			buildSettings = {
				ALWAYS_SEARCH_USER_PATHS = NO;
				ASSETCATALOG_COMPILER_APPICON_NAME = AppIcon;
				ASSETCATALOG_COMPILER_LAUNCHIMAGE_NAME = LaunchImage;
				CLANG_ENABLE_MODULES = YES;
				CLANG_ENABLE_OBJC_ARC = YES;
				COPY_PHASE_STRIP = NO;
				GCC_DYNAMIC_NO_PIC = NO;
				GCC_OPTIMIZATION_LEVEL = 0;
				GCC_PRECOMPILE_PREFIX_HEADER = YES;
				GCC_PREFIX_HEADER = "Magfa ELM/Magfa ELM-Prefix.pch";
				GCC_THUMB_SUPPORT = NO;
				GCC_VERSION = "";
				INFOPLIST_FILE = "Magfa ELM/Magfa ELM-Info.plist";
				IPHONEOS_DEPLOYMENT_TARGET = 9.0;
				LD_RUNPATH_SEARCH_PATHS = "@executable_path/Frameworks";
				TARGETED_DEVICE_FAMILY = "1,2";
				PRODUCT_NAME = "Magfa ELM";
			};
			name = Debug;
		};
		1D6058950D05DD3E006BFB54 /* Release */ = {
			isa = XCBuildConfiguration;
			baseConfigurationReference = 3047A5101AB8059700498E2A /* build-release.xcconfig */;
			buildSettings = {
				ALWAYS_SEARCH_USER_PATHS = NO;
				ASSETCATALOG_COMPILER_APPICON_NAME = AppIcon;
				ASSETCATALOG_COMPILER_LAUNCHIMAGE_NAME = LaunchImage;
				CLANG_ENABLE_MODULES = YES;
				CLANG_ENABLE_OBJC_ARC = YES;
				COPY_PHASE_STRIP = YES;
				GCC_PRECOMPILE_PREFIX_HEADER = YES;
				GCC_PREFIX_HEADER = "Magfa ELM/Magfa ELM-Prefix.pch";
				GCC_THUMB_SUPPORT = NO;
				GCC_VERSION = "";
				INFOPLIST_FILE = "Magfa ELM/Magfa ELM-Info.plist";
				IPHONEOS_DEPLOYMENT_TARGET = 9.0;
				LD_RUNPATH_SEARCH_PATHS = "@executable_path/Frameworks";
				TARGETED_DEVICE_FAMILY = "1,2";
				PRODUCT_NAME = "Magfa ELM";
			};
			name = Release;
		};
		C01FCF4F08A954540054247B /* Debug */ = {
			isa = XCBuildConfiguration;
			baseConfigurationReference = 3047A5111AB8059700498E2A /* build.xcconfig */;
			buildSettings = {
				CLANG_ENABLE_MODULES = YES;
				CLANG_ENABLE_OBJC_ARC = YES;
				CLANG_WARN_BOOL_CONVERSION = YES;
				CLANG_WARN_CONSTANT_CONVERSION = YES;
				CLANG_WARN_EMPTY_BODY = YES;
				CLANG_WARN_ENUM_CONVERSION = YES;
				CLANG_WARN_INT_CONVERSION = YES;
				CLANG_WARN__DUPLICATE_METHOD_MATCH = YES;
				GCC_C_LANGUAGE_STANDARD = c99;
				GCC_THUMB_SUPPORT = NO;
				GCC_VERSION = "";
				GCC_WARN_ABOUT_RETURN_TYPE = YES;
				GCC_WARN_UNDECLARED_SELECTOR = YES;
				GCC_WARN_UNINITIALIZED_AUTOS = YES;
				GCC_WARN_UNUSED_FUNCTION = YES;
				GCC_WARN_UNUSED_VARIABLE = YES;
				ONLY_ACTIVE_ARCH = YES;
				SDKROOT = iphoneos;
				SKIP_INSTALL = NO;
				TARGETED_DEVICE_FAMILY = "1,2";
			};
			name = Debug;
		};
		C01FCF5008A954540054247B /* Release */ = {
			isa = XCBuildConfiguration;
			baseConfigurationReference = 3047A5111AB8059700498E2A /* build.xcconfig */;
			buildSettings = {
				CLANG_ENABLE_MODULES = YES;
				CLANG_ENABLE_OBJC_ARC = YES;
				CLANG_WARN_BOOL_CONVERSION = YES;
				CLANG_WARN_CONSTANT_CONVERSION = YES;
				CLANG_WARN_EMPTY_BODY = YES;
				CLANG_WARN_ENUM_CONVERSION = YES;
				CLANG_WARN_INT_CONVERSION = YES;
				CLANG_WARN__DUPLICATE_METHOD_MATCH = YES;
				GCC_C_LANGUAGE_STANDARD = c99;
				GCC_THUMB_SUPPORT = NO;
				GCC_VERSION = "";
				GCC_WARN_ABOUT_RETURN_TYPE = YES;
				GCC_WARN_UNDECLARED_SELECTOR = YES;
				GCC_WARN_UNINITIALIZED_AUTOS = YES;
				GCC_WARN_UNUSED_FUNCTION = YES;
				GCC_WARN_UNUSED_VARIABLE = YES;
				SDKROOT = iphoneos;
				SKIP_INSTALL = NO;
				TARGETED_DEVICE_FAMILY = "1,2";
			};
			name = Release;
		};
/* End XCBuildConfiguration section */

/* Begin XCConfigurationList section */
		1D6058960D05DD3E006BFB54 /* Build configuration list for PBXNativeTarget "Magfa ELM" */ = {
			isa = XCConfigurationList;
			buildConfigurations = (
				1D6058940D05DD3E006BFB54 /* Debug */,
				1D6058950D05DD3E006BFB54 /* Release */,
			);
			defaultConfigurationIsVisible = 0;
			defaultConfigurationName = Release;
		};
		C01FCF4E08A954540054247B /* Build configuration list for PBXProject "__NON-CLI__" */ = {
			isa = XCConfigurationList;
			buildConfigurations = (
				C01FCF4F08A954540054247B /* Debug */,
				C01FCF5008A954540054247B /* Release */,
			);
			defaultConfigurationIsVisible = 0;
			defaultConfigurationName = Release;
		};
/* End XCConfigurationList section */
	};
	rootObject = 29B97313FDCFA39411CA2CEA /* Project object */;
}
